
Microsoft Visual Studio Solution File, Format Version 12.00
# Visual Studio 14
VisualStudioVersion = 14.0.23107.0
MinimumVisualStudioVersion = 10.0.40219.1
Project("{FAE04EC0-301F-11D3-BF4B-00C04F79EFBC}") = "selenium_wrapper", "selenium_wrapper\selenium_wrapper.csproj", "{E9CE27D5-17C5-49F7-AD10-BC4CE4626446}"
EndProject
Project("{FAE04EC0-301F-11D3-BF4B-00C04F79EFBC}") = "test_selenium_wrapper", "test_selenium_wrapper\test_selenium_wrapper.csproj", "{8D279F73-0DC1-4A61-A420-28342F14D9BD}"
EndProject
Global
	GlobalSection(SolutionConfigurationPlatforms) = preSolution
		Debug|Any CPU = Debug|Any CPU
		Release|Any CPU = Release|Any CPU
	EndGlobalSection
	GlobalSection(ProjectConfigurationPlatforms) = postSolution
		{E9CE27D5-17C5-49F7-AD10-BC4CE4626446}.Debug|Any CPU.ActiveCfg = Debug|Any CPU
		{E9CE27D5-17C5-49F7-AD10-BC4CE4626446}.Debug|Any CPU.Build.0 = Debug|Any CPU
		{E9CE27D5-17C5-49F7-AD10-BC4CE4626446}.Release|Any CPU.ActiveCfg = Release|Any CPU
		{E9CE27D5-17C5-49F7-AD10-BC4CE4626446}.Release|Any CPU.Build.0 = Release|Any CPU
		{8D279F73-0DC1-4A61-A420-28342F14D9BD}.Debug|Any CPU.ActiveCfg = Debug|Any CPU
		{8D279F73-0DC1-4A61-A420-28342F14D9BD}.Debug|Any CPU.Build.0 = Debug|Any CPU
		{8D279F73-0DC1-4A61-A420-28342F14D9BD}.Release|Any CPU.ActiveCfg = Release|Any CPU
		{8D279F73-0DC1-4A61-A420-28342F14D9BD}.Release|Any CPU.Build.0 = Release|Any CPU
	EndGlobalSection
	GlobalSection(SolutionProperties) = preSolution
		HideSolutionNode = FALSE
	EndGlobalSection
EndGlobal
